
Microsoft Visual Studio Solution File, Format Version 12.00
# Visual Studio 15
VisualStudioVersion = 15.0.28307.102
MinimumVisualStudioVersion = 10.0.40219.1
Project("{FAE04EC0-301F-11D3-BF4B-00C04F79EFBC}") = "DziennikTanowania.Android", "DziennikTanowania\DziennikTanowania.Android\DziennikTanowania.Android.csproj", "{02B22BBF-0B74-4C95-860C-94AD4A0A3BE8}"
EndProject
Project("{FAE04EC0-301F-11D3-BF4B-00C04F79EFBC}") = "DziennikTanowania.iOS", "DziennikTanowania\DziennikTanowania.iOS\DziennikTanowania.iOS.csproj", "{B431BA37-BF05-4EA6-8A71-7341CCABD896}"
EndProject
Project("{FAE04EC0-301F-11D3-BF4B-00C04F79EFBC}") = "DziennikTanowania.UWP", "DziennikTanowania\DziennikTanowania.UWP\DziennikTanowania.UWP.csproj", "{AD8D5AAD-3BC0-4B56-A377-0F482CD33EAF}"
EndProject
Project("{FAE04EC0-301F-11D3-BF4B-00C04F79EFBC}") = "DziennikTanowania", "DziennikTanowania\DziennikTanowania\DziennikTanowania.csproj", "{D92BD768-A877-43FE-9BD8-1AAD2BC98F3E}"
EndProject
Global
	GlobalSection(SolutionConfigurationPlatforms) = preSolution
		Debug|Any CPU = Debug|Any CPU
		Debug|ARM = Debug|ARM
		Debug|iPhone = Debug|iPhone
		Debug|iPhoneSimulator = Debug|iPhoneSimulator
		Debug|x64 = Debug|x64
		Debug|x86 = Debug|x86
		Release|Any CPU = Release|Any CPU
		Release|ARM = Release|ARM
		Release|iPhone = Release|iPhone
		Release|iPhoneSimulator = Release|iPhoneSimulator
		Release|x64 = Release|x64
		Release|x86 = Release|x86
	EndGlobalSection
	GlobalSection(ProjectConfigurationPlatforms) = postSolution
		{02B22BBF-0B74-4C95-860C-94AD4A0A3BE8}.Debug|Any CPU.ActiveCfg = Debug|Any CPU
		{02B22BBF-0B74-4C95-860C-94AD4A0A3BE8}.Debug|Any CPU.Build.0 = Debug|Any CPU
		{02B22BBF-0B74-4C95-860C-94AD4A0A3BE8}.Debug|Any CPU.Deploy.0 = Debug|Any CPU
		{02B22BBF-0B74-4C95-860C-94AD4A0A3BE8}.Debug|ARM.ActiveCfg = Debug|Any CPU
		{02B22BBF-0B74-4C95-860C-94AD4A0A3BE8}.Debug|ARM.Build.0 = Debug|Any CPU
		{02B22BBF-0B74-4C95-860C-94AD4A0A3BE8}.Debug|ARM.Deploy.0 = Debug|Any CPU
		{02B22BBF-0B74-4C95-860C-94AD4A0A3BE8}.Debug|iPhone.ActiveCfg = Debug|Any CPU
		{02B22BBF-0B74-4C95-860C-94AD4A0A3BE8}.Debug|iPhone.Build.0 = Debug|Any CPU
		{02B22BBF-0B74-4C95-860C-94AD4A0A3BE8}.Debug|iPhone.Deploy.0 = Debug|Any CPU
		{02B22BBF-0B74-4C95-860C-94AD4A0A3BE8}.Debug|iPhoneSimulator.ActiveCfg = Debug|Any CPU
		{02B22BBF-0B74-4C95-860C-94AD4A0A3BE8}.Debug|iPhoneSimulator.Build.0 = Debug|Any CPU
		{02B22BBF-0B74-4C95-860C-94AD4A0A3BE8}.Debug|iPhoneSimulator.Deploy.0 = Debug|Any CPU
		{02B22BBF-0B74-4C95-860C-94AD4A0A3BE8}.Debug|x64.ActiveCfg = Debug|Any CPU
		{02B22BBF-0B74-4C95-860C-94AD4A0A3BE8}.Debug|x64.Build.0 = Debug|Any CPU
		{02B22BBF-0B74-4C95-860C-94AD4A0A3BE8}.Debug|x64.Deploy.0 = Debug|Any CPU
		{02B22BBF-0B74-4C95-860C-94AD4A0A3BE8}.Debug|x86.ActiveCfg = Debug|Any CPU
		{02B22BBF-0B74-4C95-860C-94AD4A0A3BE8}.Debug|x86.Build.0 = Debug|Any CPU
		{02B22BBF-0B74-4C95-860C-94AD4A0A3BE8}.Debug|x86.Deploy.0 = Debug|Any CPU
		{02B22BBF-0B74-4C95-860C-94AD4A0A3BE8}.Release|Any CPU.ActiveCfg = Release|Any CPU
		{02B22BBF-0B74-4C95-860C-94AD4A0A3BE8}.Release|Any CPU.Build.0 = Release|Any CPU
		{02B22BBF-0B74-4C95-860C-94AD4A0A3BE8}.Release|Any CPU.Deploy.0 = Release|Any CPU
		{02B22BBF-0B74-4C95-860C-94AD4A0A3BE8}.Release|ARM.ActiveCfg = Release|Any CPU
		{02B22BBF-0B74-4C95-860C-94AD4A0A3BE8}.Release|ARM.Build.0 = Release|Any CPU
		{02B22BBF-0B74-4C95-860C-94AD4A0A3BE8}.Release|ARM.Deploy.0 = Release|Any CPU
		{02B22BBF-0B74-4C95-860C-94AD4A0A3BE8}.Release|iPhone.ActiveCfg = Release|Any CPU
		{02B22BBF-0B74-4C95-860C-94AD4A0A3BE8}.Release|iPhone.Build.0 = Release|Any CPU
		{02B22BBF-0B74-4C95-860C-94AD4A0A3BE8}.Release|iPhone.Deploy.0 = Release|Any CPU
		{02B22BBF-0B74-4C95-860C-94AD4A0A3BE8}.Release|iPhoneSimulator.ActiveCfg = Release|Any CPU
		{02B22BBF-0B74-4C95-860C-94AD4A0A3BE8}.Release|iPhoneSimulator.Build.0 = Release|Any CPU
		{02B22BBF-0B74-4C95-860C-94AD4A0A3BE8}.Release|iPhoneSimulator.Deploy.0 = Release|Any CPU
		{02B22BBF-0B74-4C95-860C-94AD4A0A3BE8}.Release|x64.ActiveCfg = Release|Any CPU
		{02B22BBF-0B74-4C95-860C-94AD4A0A3BE8}.Release|x64.Build.0 = Release|Any CPU
		{02B22BBF-0B74-4C95-860C-94AD4A0A3BE8}.Release|x64.Deploy.0 = Release|Any CPU
		{02B22BBF-0B74-4C95-860C-94AD4A0A3BE8}.Release|x86.ActiveCfg = Release|Any CPU
		{02B22BBF-0B74-4C95-860C-94AD4A0A3BE8}.Release|x86.Build.0 = Release|Any CPU
		{02B22BBF-0B74-4C95-860C-94AD4A0A3BE8}.Release|x86.Deploy.0 = Release|Any CPU
		{B431BA37-BF05-4EA6-8A71-7341CCABD896}.Debug|Any CPU.ActiveCfg = Debug|iPhoneSimulator
		{B431BA37-BF05-4EA6-8A71-7341CCABD896}.Debug|Any CPU.Build.0 = Debug|iPhoneSimulator
		{B431BA37-BF05-4EA6-8A71-7341CCABD896}.Debug|Any CPU.Deploy.0 = Debug|iPhoneSimulator
		{B431BA37-BF05-4EA6-8A71-7341CCABD896}.Debug|ARM.ActiveCfg = Debug|iPhone
		{B431BA37-BF05-4EA6-8A71-7341CCABD896}.Debug|ARM.Build.0 = Debug|iPhone
		{B431BA37-BF05-4EA6-8A71-7341CCABD896}.Debug|ARM.Deploy.0 = Debug|iPhone
		{B431BA37-BF05-4EA6-8A71-7341CCABD896}.Debug|iPhone.ActiveCfg = Debug|iPhone
		{B431BA37-BF05-4EA6-8A71-7341CCABD896}.Debug|iPhone.Build.0 = Debug|iPhone
		{B431BA37-BF05-4EA6-8A71-7341CCABD896}.Debug|iPhone.Deploy.0 = Debug|iPhone
		{B431BA37-BF05-4EA6-8A71-7341CCABD896}.Debug|iPhoneSimulator.ActiveCfg = Debug|iPhoneSimulator
		{B431BA37-BF05-4EA6-8A71-7341CCABD896}.Debug|iPhoneSimulator.Build.0 = Debug|iPhoneSimulator
		{B431BA37-BF05-4EA6-8A71-7341CCABD896}.Debug|iPhoneSimulator.Deploy.0 = Debug|iPhoneSimulator
		{B431BA37-BF05-4EA6-8A71-7341CCABD896}.Debug|x64.ActiveCfg = Debug|iPhone
		{B431BA37-BF05-4EA6-8A71-7341CCABD896}.Debug|x64.Build.0 = Debug|iPhone
		{B431BA37-BF05-4EA6-8A71-7341CCABD896}.Debug|x64.Deploy.0 = Debug|iPhone
		{B431BA37-BF05-4EA6-8A71-7341CCABD896}.Debug|x86.ActiveCfg = Debug|iPhone
		{B431BA37-BF05-4EA6-8A71-7341CCABD896}.Debug|x86.Build.0 = Debug|iPhone
		{B431BA37-BF05-4EA6-8A71-7341CCABD896}.Debug|x86.Deploy.0 = Debug|iPhone
		{B431BA37-BF05-4EA6-8A71-7341CCABD896}.Release|Any CPU.ActiveCfg = Release|iPhone
		{B431BA37-BF05-4EA6-8A71-7341CCABD896}.Release|Any CPU.Build.0 = Release|iPhone
		{B431BA37-BF05-4EA6-8A71-7341CCABD896}.Release|Any CPU.Deploy.0 = Release|iPhone
		{B431BA37-BF05-4EA6-8A71-7341CCABD896}.Release|ARM.ActiveCfg = Release|iPhone
		{B431BA37-BF05-4EA6-8A71-7341CCABD896}.Release|ARM.Build.0 = Release|iPhone
		{B431BA37-BF05-4EA6-8A71-7341CCABD896}.Release|ARM.Deploy.0 = Release|iPhone
		{B431BA37-BF05-4EA6-8A71-7341CCABD896}.Release|iPhone.ActiveCfg = Release|iPhone
		{B431BA37-BF05-4EA6-8A71-7341CCABD896}.Release|iPhone.Build.0 = Release|iPhone
		{B431BA37-BF05-4EA6-8A71-7341CCABD896}.Release|iPhone.Deploy.0 = Release|iPhone
		{B431BA37-BF05-4EA6-8A71-7341CCABD896}.Release|iPhoneSimulator.ActiveCfg = Release|iPhoneSimulator
		{B431BA37-BF05-4EA6-8A71-7341CCABD896}.Release|iPhoneSimulator.Build.0 = Release|iPhoneSimulator
		{B431BA37-BF05-4EA6-8A71-7341CCABD896}.Release|iPhoneSimulator.Deploy.0 = Release|iPhoneSimulator
		{B431BA37-BF05-4EA6-8A71-7341CCABD896}.Release|x64.ActiveCfg = Release|iPhone
		{B431BA37-BF05-4EA6-8A71-7341CCABD896}.Release|x64.Build.0 = Release|iPhone
		{B431BA37-BF05-4EA6-8A71-7341CCABD896}.Release|x64.Deploy.0 = Release|iPhone
		{B431BA37-BF05-4EA6-8A71-7341CCABD896}.Release|x86.ActiveCfg = Release|iPhone
		{B431BA37-BF05-4EA6-8A71-7341CCABD896}.Release|x86.Build.0 = Release|iPhone
		{B431BA37-BF05-4EA6-8A71-7341CCABD896}.Release|x86.Deploy.0 = Release|iPhone
		{AD8D5AAD-3BC0-4B56-A377-0F482CD33EAF}.Debug|Any CPU.ActiveCfg = Debug|x86
		{AD8D5AAD-3BC0-4B56-A377-0F482CD33EAF}.Debug|Any CPU.Build.0 = Debug|x86
		{AD8D5AAD-3BC0-4B56-A377-0F482CD33EAF}.Debug|Any CPU.Deploy.0 = Debug|x86
		{AD8D5AAD-3BC0-4B56-A377-0F482CD33EAF}.Debug|ARM.ActiveCfg = Debug|ARM
		{AD8D5AAD-3BC0-4B56-A377-0F482CD33EAF}.Debug|ARM.Build.0 = Debug|ARM
		{AD8D5AAD-3BC0-4B56-A377-0F482CD33EAF}.Debug|ARM.Deploy.0 = Debug|ARM
		{AD8D5AAD-3BC0-4B56-A377-0F482CD33EAF}.Debug|iPhone.ActiveCfg = Debug|x86
		{AD8D5AAD-3BC0-4B56-A377-0F482CD33EAF}.Debug|iPhone.Build.0 = Debug|x86
		{AD8D5AAD-3BC0-4B56-A377-0F482CD33EAF}.Debug|iPhone.Deploy.0 = Debug|x86
		{AD8D5AAD-3BC0-4B56-A377-0F482CD33EAF}.Debug|iPhoneSimulator.ActiveCfg = Debug|x86
		{AD8D5AAD-3BC0-4B56-A377-0F482CD33EAF}.Debug|iPhoneSimulator.Build.0 = Debug|x86
		{AD8D5AAD-3BC0-4B56-A377-0F482CD33EAF}.Debug|iPhoneSimulator.Deploy.0 = Debug|x86
		{AD8D5AAD-3BC0-4B56-A377-0F482CD33EAF}.Debug|x64.ActiveCfg = Debug|x64
		{AD8D5AAD-3BC0-4B56-A377-0F482CD33EAF}.Debug|x64.Build.0 = Debug|x64
		{AD8D5AAD-3BC0-4B56-A377-0F482CD33EAF}.Debug|x64.Deploy.0 = Debug|x64
		{AD8D5AAD-3BC0-4B56-A377-0F482CD33EAF}.Debug|x86.ActiveCfg = Debug|x86
		{AD8D5AAD-3BC0-4B56-A377-0F482CD33EAF}.Debug|x86.Build.0 = Debug|x86
		{AD8D5AAD-3BC0-4B56-A377-0F482CD33EAF}.Debug|x86.Deploy.0 = Debug|x86
		{AD8D5AAD-3BC0-4B56-A377-0F482CD33EAF}.Release|Any CPU.ActiveCfg = Release|x86
		{AD8D5AAD-3BC0-4B56-A377-0F482CD33EAF}.Release|Any CPU.Build.0 = Release|x86
		{AD8D5AAD-3BC0-4B56-A377-0F482CD33EAF}.Release|Any CPU.Deploy.0 = Release|x86
		{AD8D5AAD-3BC0-4B56-A377-0F482CD33EAF}.Release|ARM.ActiveCfg = Release|ARM
		{AD8D5AAD-3BC0-4B56-A377-0F482CD33EAF}.Release|ARM.Build.0 = Release|ARM
		{AD8D5AAD-3BC0-4B56-A377-0F482CD33EAF}.Release|ARM.Deploy.0 = Release|ARM
		{AD8D5AAD-3BC0-4B56-A377-0F482CD33EAF}.Release|iPhone.ActiveCfg = Release|x86
		{AD8D5AAD-3BC0-4B56-A377-0F482CD33EAF}.Release|iPhone.Build.0 = Release|x86
		{AD8D5AAD-3BC0-4B56-A377-0F482CD33EAF}.Release|iPhone.Deploy.0 = Release|x86
		{AD8D5AAD-3BC0-4B56-A377-0F482CD33EAF}.Release|iPhoneSimulator.ActiveCfg = Release|x86
		{AD8D5AAD-3BC0-4B56-A377-0F482CD33EAF}.Release|iPhoneSimulator.Build.0 = Release|x86
		{AD8D5AAD-3BC0-4B56-A377-0F482CD33EAF}.Release|iPhoneSimulator.Deploy.0 = Release|x86
		{AD8D5AAD-3BC0-4B56-A377-0F482CD33EAF}.Release|x64.ActiveCfg = Release|x64
		{AD8D5AAD-3BC0-4B56-A377-0F482CD33EAF}.Release|x64.Build.0 = Release|x64
		{AD8D5AAD-3BC0-4B56-A377-0F482CD33EAF}.Release|x64.Deploy.0 = Release|x64
		{AD8D5AAD-3BC0-4B56-A377-0F482CD33EAF}.Release|x86.ActiveCfg = Release|x86
		{AD8D5AAD-3BC0-4B56-A377-0F482CD33EAF}.Release|x86.Build.0 = Release|x86
		{AD8D5AAD-3BC0-4B56-A377-0F482CD33EAF}.Release|x86.Deploy.0 = Release|x86
		{D92BD768-A877-43FE-9BD8-1AAD2BC98F3E}.Debug|Any CPU.ActiveCfg = Debug|Any CPU
		{D92BD768-A877-43FE-9BD8-1AAD2BC98F3E}.Debug|Any CPU.Build.0 = Debug|Any CPU
		{D92BD768-A877-43FE-9BD8-1AAD2BC98F3E}.Debug|Any CPU.Deploy.0 = Debug|Any CPU
		{D92BD768-A877-43FE-9BD8-1AAD2BC98F3E}.Debug|ARM.ActiveCfg = Debug|Any CPU
		{D92BD768-A877-43FE-9BD8-1AAD2BC98F3E}.Debug|ARM.Build.0 = Debug|Any CPU
		{D92BD768-A877-43FE-9BD8-1AAD2BC98F3E}.Debug|ARM.Deploy.0 = Debug|Any CPU
		{D92BD768-A877-43FE-9BD8-1AAD2BC98F3E}.Debug|iPhone.ActiveCfg = Debug|Any CPU
		{D92BD768-A877-43FE-9BD8-1AAD2BC98F3E}.Debug|iPhone.Build.0 = Debug|Any CPU
		{D92BD768-A877-43FE-9BD8-1AAD2BC98F3E}.Debug|iPhone.Deploy.0 = Debug|Any CPU
		{D92BD768-A877-43FE-9BD8-1AAD2BC98F3E}.Debug|iPhoneSimulator.ActiveCfg = Debug|Any CPU
		{D92BD768-A877-43FE-9BD8-1AAD2BC98F3E}.Debug|iPhoneSimulator.Build.0 = Debug|Any CPU
		{D92BD768-A877-43FE-9BD8-1AAD2BC98F3E}.Debug|iPhoneSimulator.Deploy.0 = Debug|Any CPU
		{D92BD768-A877-43FE-9BD8-1AAD2BC98F3E}.Debug|x64.ActiveCfg = Debug|Any CPU
		{D92BD768-A877-43FE-9BD8-1AAD2BC98F3E}.Debug|x64.Build.0 = Debug|Any CPU
		{D92BD768-A877-43FE-9BD8-1AAD2BC98F3E}.Debug|x64.Deploy.0 = Debug|Any CPU
		{D92BD768-A877-43FE-9BD8-1AAD2BC98F3E}.Debug|x86.ActiveCfg = Debug|Any CPU
		{D92BD768-A877-43FE-9BD8-1AAD2BC98F3E}.Debug|x86.Build.0 = Debug|Any CPU
		{D92BD768-A877-43FE-9BD8-1AAD2BC98F3E}.Debug|x86.Deploy.0 = Debug|Any CPU
		{D92BD768-A877-43FE-9BD8-1AAD2BC98F3E}.Release|Any CPU.ActiveCfg = Release|Any CPU
		{D92BD768-A877-43FE-9BD8-1AAD2BC98F3E}.Release|Any CPU.Build.0 = Release|Any CPU
		{D92BD768-A877-43FE-9BD8-1AAD2BC98F3E}.Release|Any CPU.Deploy.0 = Release|Any CPU
		{D92BD768-A877-43FE-9BD8-1AAD2BC98F3E}.Release|ARM.ActiveCfg = Release|Any CPU
		{D92BD768-A877-43FE-9BD8-1AAD2BC98F3E}.Release|ARM.Build.0 = Release|Any CPU
		{D92BD768-A877-43FE-9BD8-1AAD2BC98F3E}.Release|ARM.Deploy.0 = Release|Any CPU
		{D92BD768-A877-43FE-9BD8-1AAD2BC98F3E}.Release|iPhone.ActiveCfg = Release|Any CPU
		{D92BD768-A877-43FE-9BD8-1AAD2BC98F3E}.Release|iPhone.Build.0 = Release|Any CPU
		{D92BD768-A877-43FE-9BD8-1AAD2BC98F3E}.Release|iPhone.Deploy.0 = Release|Any CPU
		{D92BD768-A877-43FE-9BD8-1AAD2BC98F3E}.Release|iPhoneSimulator.ActiveCfg = Release|Any CPU
		{D92BD768-A877-43FE-9BD8-1AAD2BC98F3E}.Release|iPhoneSimulator.Build.0 = Release|Any CPU
		{D92BD768-A877-43FE-9BD8-1AAD2BC98F3E}.Release|iPhoneSimulator.Deploy.0 = Release|Any CPU
		{D92BD768-A877-43FE-9BD8-1AAD2BC98F3E}.Release|x64.ActiveCfg = Release|Any CPU
		{D92BD768-A877-43FE-9BD8-1AAD2BC98F3E}.Release|x64.Build.0 = Release|Any CPU
		{D92BD768-A877-43FE-9BD8-1AAD2BC98F3E}.Release|x64.Deploy.0 = Release|Any CPU
		{D92BD768-A877-43FE-9BD8-1AAD2BC98F3E}.Release|x86.ActiveCfg = Release|Any CPU
		{D92BD768-A877-43FE-9BD8-1AAD2BC98F3E}.Release|x86.Build.0 = Release|Any CPU
		{D92BD768-A877-43FE-9BD8-1AAD2BC98F3E}.Release|x86.Deploy.0 = Release|Any CPU
	EndGlobalSection
	GlobalSection(SolutionProperties) = preSolution
		HideSolutionNode = FALSE
	EndGlobalSection
	GlobalSection(ExtensibilityGlobals) = postSolution
		SolutionGuid = {7FB88547-7FD8-41E5-AB24-C0BF16DF0BE2}
	EndGlobalSection
EndGlobal
